
Microsoft Visual Studio Solution File, Format Version 12.00
# Visual Studio Version 17
VisualStudioVersion = 17.6.33513.286
MinimumVisualStudioVersion = 10.0.40219.1
Project("{FAE04EC0-301F-11D3-BF4B-00C04F79EFBC}") = "MailRuCloudX.UWP", "MailRuCloudX\MailRuCloudX.UWP\MailRuCloudX.UWP.csproj", "{CDF3AD91-C3BB-4D5F-A06A-F9D117E6986C}"
EndProject
Project("{FAE04EC0-301F-11D3-BF4B-00C04F79EFBC}") = "MailRuCloudX.Android", "MailRuCloudX\MailRuCloudX.Android\MailRuCloudX.Android.csproj", "{DA751540-8864-418A-AB0D-B8DAED9C9345}"
EndProject
Project("{FAE04EC0-301F-11D3-BF4B-00C04F79EFBC}") = "MailRuCloudX.iOS", "MailRuCloudX\MailRuCloudX.iOS\MailRuCloudX.iOS.csproj", "{AA7C5880-A5D1-46E9-9CCE-B9B08ED9904C}"
EndProject
Project("{FAE04EC0-301F-11D3-BF4B-00C04F79EFBC}") = "MailRuCloudX", "MailRuCloudX\MailRuCloudX\MailRuCloudX.csproj", "{E0DCE423-A416-43FD-92E3-6C9FBF2772F7}"
EndProject
Global
	GlobalSection(SolutionConfigurationPlatforms) = preSolution
		Debug|Any CPU = Debug|Any CPU
		Debug|ARM = Debug|ARM
		Debug|iPhone = Debug|iPhone
		Debug|iPhoneSimulator = Debug|iPhoneSimulator
		Debug|x64 = Debug|x64
		Debug|x86 = Debug|x86
		Release|Any CPU = Release|Any CPU
		Release|ARM = Release|ARM
		Release|iPhone = Release|iPhone
		Release|iPhoneSimulator = Release|iPhoneSimulator
		Release|x64 = Release|x64
		Release|x86 = Release|x86
	EndGlobalSection
	GlobalSection(ProjectConfigurationPlatforms) = postSolution
		{CDF3AD91-C3BB-4D5F-A06A-F9D117E6986C}.Debug|Any CPU.ActiveCfg = Debug|x64
		{CDF3AD91-C3BB-4D5F-A06A-F9D117E6986C}.Debug|Any CPU.Build.0 = Debug|x64
		{CDF3AD91-C3BB-4D5F-A06A-F9D117E6986C}.Debug|Any CPU.Deploy.0 = Debug|x64
		{CDF3AD91-C3BB-4D5F-A06A-F9D117E6986C}.Debug|ARM.ActiveCfg = Debug|ARM
		{CDF3AD91-C3BB-4D5F-A06A-F9D117E6986C}.Debug|ARM.Build.0 = Debug|ARM
		{CDF3AD91-C3BB-4D5F-A06A-F9D117E6986C}.Debug|ARM.Deploy.0 = Debug|ARM
		{CDF3AD91-C3BB-4D5F-A06A-F9D117E6986C}.Debug|iPhone.ActiveCfg = Debug|x64
		{CDF3AD91-C3BB-4D5F-A06A-F9D117E6986C}.Debug|iPhone.Build.0 = Debug|x64
		{CDF3AD91-C3BB-4D5F-A06A-F9D117E6986C}.Debug|iPhone.Deploy.0 = Debug|x64
		{CDF3AD91-C3BB-4D5F-A06A-F9D117E6986C}.Debug|iPhoneSimulator.ActiveCfg = Debug|x64
		{CDF3AD91-C3BB-4D5F-A06A-F9D117E6986C}.Debug|iPhoneSimulator.Build.0 = Debug|x64
		{CDF3AD91-C3BB-4D5F-A06A-F9D117E6986C}.Debug|iPhoneSimulator.Deploy.0 = Debug|x64
		{CDF3AD91-C3BB-4D5F-A06A-F9D117E6986C}.Debug|x64.ActiveCfg = Debug|x64
		{CDF3AD91-C3BB-4D5F-A06A-F9D117E6986C}.Debug|x64.Build.0 = Debug|x64
		{CDF3AD91-C3BB-4D5F-A06A-F9D117E6986C}.Debug|x64.Deploy.0 = Debug|x64
		{CDF3AD91-C3BB-4D5F-A06A-F9D117E6986C}.Debug|x86.ActiveCfg = Debug|x86
		{CDF3AD91-C3BB-4D5F-A06A-F9D117E6986C}.Debug|x86.Build.0 = Debug|x86
		{CDF3AD91-C3BB-4D5F-A06A-F9D117E6986C}.Debug|x86.Deploy.0 = Debug|x86
		{CDF3AD91-C3BB-4D5F-A06A-F9D117E6986C}.Release|Any CPU.ActiveCfg = Release|x64
		{CDF3AD91-C3BB-4D5F-A06A-F9D117E6986C}.Release|Any CPU.Build.0 = Release|x64
		{CDF3AD91-C3BB-4D5F-A06A-F9D117E6986C}.Release|Any CPU.Deploy.0 = Release|x64
		{CDF3AD91-C3BB-4D5F-A06A-F9D117E6986C}.Release|ARM.ActiveCfg = Release|ARM
		{CDF3AD91-C3BB-4D5F-A06A-F9D117E6986C}.Release|ARM.Build.0 = Release|ARM
		{CDF3AD91-C3BB-4D5F-A06A-F9D117E6986C}.Release|ARM.Deploy.0 = Release|ARM
		{CDF3AD91-C3BB-4D5F-A06A-F9D117E6986C}.Release|iPhone.ActiveCfg = Release|x64
		{CDF3AD91-C3BB-4D5F-A06A-F9D117E6986C}.Release|iPhone.Build.0 = Release|x64
		{CDF3AD91-C3BB-4D5F-A06A-F9D117E6986C}.Release|iPhone.Deploy.0 = Release|x64
		{CDF3AD91-C3BB-4D5F-A06A-F9D117E6986C}.Release|iPhoneSimulator.ActiveCfg = Release|x64
		{CDF3AD91-C3BB-4D5F-A06A-F9D117E6986C}.Release|iPhoneSimulator.Build.0 = Release|x64
		{CDF3AD91-C3BB-4D5F-A06A-F9D117E6986C}.Release|iPhoneSimulator.Deploy.0 = Release|x64
		{CDF3AD91-C3BB-4D5F-A06A-F9D117E6986C}.Release|x64.ActiveCfg = Release|x64
		{CDF3AD91-C3BB-4D5F-A06A-F9D117E6986C}.Release|x64.Build.0 = Release|x64
		{CDF3AD91-C3BB-4D5F-A06A-F9D117E6986C}.Release|x64.Deploy.0 = Release|x64
		{CDF3AD91-C3BB-4D5F-A06A-F9D117E6986C}.Release|x86.ActiveCfg = Release|x86
		{CDF3AD91-C3BB-4D5F-A06A-F9D117E6986C}.Release|x86.Build.0 = Release|x86
		{CDF3AD91-C3BB-4D5F-A06A-F9D117E6986C}.Release|x86.Deploy.0 = Release|x86
		{DA751540-8864-418A-AB0D-B8DAED9C9345}.Debug|Any CPU.ActiveCfg = Debug|Any CPU
		{DA751540-8864-418A-AB0D-B8DAED9C9345}.Debug|Any CPU.Build.0 = Debug|Any CPU
		{DA751540-8864-418A-AB0D-B8DAED9C9345}.Debug|Any CPU.Deploy.0 = Debug|Any CPU
		{DA751540-8864-418A-AB0D-B8DAED9C9345}.Debug|ARM.ActiveCfg = Debug|Any CPU
		{DA751540-8864-418A-AB0D-B8DAED9C9345}.Debug|ARM.Build.0 = Debug|Any CPU
		{DA751540-8864-418A-AB0D-B8DAED9C9345}.Debug|ARM.Deploy.0 = Debug|Any CPU
		{DA751540-8864-418A-AB0D-B8DAED9C9345}.Debug|iPhone.ActiveCfg = Debug|Any CPU
		{DA751540-8864-418A-AB0D-B8DAED9C9345}.Debug|iPhone.Build.0 = Debug|Any CPU
		{DA751540-8864-418A-AB0D-B8DAED9C9345}.Debug|iPhone.Deploy.0 = Debug|Any CPU
		{DA751540-8864-418A-AB0D-B8DAED9C9345}.Debug|iPhoneSimulator.ActiveCfg = Debug|Any CPU
		{DA751540-8864-418A-AB0D-B8DAED9C9345}.Debug|iPhoneSimulator.Build.0 = Debug|Any CPU
		{DA751540-8864-418A-AB0D-B8DAED9C9345}.Debug|iPhoneSimulator.Deploy.0 = Debug|Any CPU
		{DA751540-8864-418A-AB0D-B8DAED9C9345}.Debug|x64.ActiveCfg = Debug|Any CPU
		{DA751540-8864-418A-AB0D-B8DAED9C9345}.Debug|x64.Build.0 = Debug|Any CPU
		{DA751540-8864-418A-AB0D-B8DAED9C9345}.Debug|x64.Deploy.0 = Debug|Any CPU
		{DA751540-8864-418A-AB0D-B8DAED9C9345}.Debug|x86.ActiveCfg = Debug|Any CPU
		{DA751540-8864-418A-AB0D-B8DAED9C9345}.Debug|x86.Build.0 = Debug|Any CPU
		{DA751540-8864-418A-AB0D-B8DAED9C9345}.Debug|x86.Deploy.0 = Debug|Any CPU
		{DA751540-8864-418A-AB0D-B8DAED9C9345}.Release|Any CPU.ActiveCfg = Release|Any CPU
		{DA751540-8864-418A-AB0D-B8DAED9C9345}.Release|Any CPU.Build.0 = Release|Any CPU
		{DA751540-8864-418A-AB0D-B8DAED9C9345}.Release|Any CPU.Deploy.0 = Release|Any CPU
		{DA751540-8864-418A-AB0D-B8DAED9C9345}.Release|ARM.ActiveCfg = Release|Any CPU
		{DA751540-8864-418A-AB0D-B8DAED9C9345}.Release|ARM.Build.0 = Release|Any CPU
		{DA751540-8864-418A-AB0D-B8DAED9C9345}.Release|ARM.Deploy.0 = Release|Any CPU
		{DA751540-8864-418A-AB0D-B8DAED9C9345}.Release|iPhone.ActiveCfg = Release|Any CPU
		{DA751540-8864-418A-AB0D-B8DAED9C9345}.Release|iPhone.Build.0 = Release|Any CPU
		{DA751540-8864-418A-AB0D-B8DAED9C9345}.Release|iPhone.Deploy.0 = Release|Any CPU
		{DA751540-8864-418A-AB0D-B8DAED9C9345}.Release|iPhoneSimulator.ActiveCfg = Release|Any CPU
		{DA751540-8864-418A-AB0D-B8DAED9C9345}.Release|iPhoneSimulator.Build.0 = Release|Any CPU
		{DA751540-8864-418A-AB0D-B8DAED9C9345}.Release|iPhoneSimulator.Deploy.0 = Release|Any CPU
		{DA751540-8864-418A-AB0D-B8DAED9C9345}.Release|x64.ActiveCfg = Release|Any CPU
		{DA751540-8864-418A-AB0D-B8DAED9C9345}.Release|x64.Build.0 = Release|Any CPU
		{DA751540-8864-418A-AB0D-B8DAED9C9345}.Release|x64.Deploy.0 = Release|Any CPU
		{DA751540-8864-418A-AB0D-B8DAED9C9345}.Release|x86.ActiveCfg = Release|Any CPU
		{DA751540-8864-418A-AB0D-B8DAED9C9345}.Release|x86.Build.0 = Release|Any CPU
		{DA751540-8864-418A-AB0D-B8DAED9C9345}.Release|x86.Deploy.0 = Release|Any CPU
		{AA7C5880-A5D1-46E9-9CCE-B9B08ED9904C}.Debug|Any CPU.ActiveCfg = Debug|iPhoneSimulator
		{AA7C5880-A5D1-46E9-9CCE-B9B08ED9904C}.Debug|Any CPU.Build.0 = Debug|iPhoneSimulator
		{AA7C5880-A5D1-46E9-9CCE-B9B08ED9904C}.Debug|Any CPU.Deploy.0 = Debug|iPhoneSimulator
		{AA7C5880-A5D1-46E9-9CCE-B9B08ED9904C}.Debug|ARM.ActiveCfg = Debug|iPhoneSimulator
		{AA7C5880-A5D1-46E9-9CCE-B9B08ED9904C}.Debug|ARM.Build.0 = Debug|iPhoneSimulator
		{AA7C5880-A5D1-46E9-9CCE-B9B08ED9904C}.Debug|ARM.Deploy.0 = Debug|iPhoneSimulator
		{AA7C5880-A5D1-46E9-9CCE-B9B08ED9904C}.Debug|iPhone.ActiveCfg = Debug|iPhone
		{AA7C5880-A5D1-46E9-9CCE-B9B08ED9904C}.Debug|iPhone.Build.0 = Debug|iPhone
		{AA7C5880-A5D1-46E9-9CCE-B9B08ED9904C}.Debug|iPhone.Deploy.0 = Debug|iPhone
		{AA7C5880-A5D1-46E9-9CCE-B9B08ED9904C}.Debug|iPhoneSimulator.ActiveCfg = Debug|iPhoneSimulator
		{AA7C5880-A5D1-46E9-9CCE-B9B08ED9904C}.Debug|iPhoneSimulator.Build.0 = Debug|iPhoneSimulator
		{AA7C5880-A5D1-46E9-9CCE-B9B08ED9904C}.Debug|iPhoneSimulator.Deploy.0 = Debug|iPhoneSimulator
		{AA7C5880-A5D1-46E9-9CCE-B9B08ED9904C}.Debug|x64.ActiveCfg = Debug|iPhone
		{AA7C5880-A5D1-46E9-9CCE-B9B08ED9904C}.Debug|x64.Build.0 = Debug|iPhone
		{AA7C5880-A5D1-46E9-9CCE-B9B08ED9904C}.Debug|x64.Deploy.0 = Debug|iPhone
		{AA7C5880-A5D1-46E9-9CCE-B9B08ED9904C}.Debug|x86.ActiveCfg = Debug|iPhoneSimulator
		{AA7C5880-A5D1-46E9-9CCE-B9B08ED9904C}.Debug|x86.Build.0 = Debug|iPhoneSimulator
		{AA7C5880-A5D1-46E9-9CCE-B9B08ED9904C}.Debug|x86.Deploy.0 = Debug|iPhoneSimulator
		{AA7C5880-A5D1-46E9-9CCE-B9B08ED9904C}.Release|Any CPU.ActiveCfg = Release|iPhoneSimulator
		{AA7C5880-A5D1-46E9-9CCE-B9B08ED9904C}.Release|Any CPU.Build.0 = Release|iPhoneSimulator
		{AA7C5880-A5D1-46E9-9CCE-B9B08ED9904C}.Release|Any CPU.Deploy.0 = Release|iPhoneSimulator
		{AA7C5880-A5D1-46E9-9CCE-B9B08ED9904C}.Release|ARM.ActiveCfg = Release|iPhoneSimulator
		{AA7C5880-A5D1-46E9-9CCE-B9B08ED9904C}.Release|ARM.Build.0 = Release|iPhoneSimulator
		{AA7C5880-A5D1-46E9-9CCE-B9B08ED9904C}.Release|ARM.Deploy.0 = Release|iPhoneSimulator
		{AA7C5880-A5D1-46E9-9CCE-B9B08ED9904C}.Release|iPhone.ActiveCfg = Release|iPhone
		{AA7C5880-A5D1-46E9-9CCE-B9B08ED9904C}.Release|iPhone.Build.0 = Release|iPhone
		{AA7C5880-A5D1-46E9-9CCE-B9B08ED9904C}.Release|iPhone.Deploy.0 = Release|iPhone
		{AA7C5880-A5D1-46E9-9CCE-B9B08ED9904C}.Release|iPhoneSimulator.ActiveCfg = Release|iPhoneSimulator
		{AA7C5880-A5D1-46E9-9CCE-B9B08ED9904C}.Release|iPhoneSimulator.Build.0 = Release|iPhoneSimulator
		{AA7C5880-A5D1-46E9-9CCE-B9B08ED9904C}.Release|iPhoneSimulator.Deploy.0 = Release|iPhoneSimulator
		{AA7C5880-A5D1-46E9-9CCE-B9B08ED9904C}.Release|x64.ActiveCfg = Release|iPhoneSimulator
		{AA7C5880-A5D1-46E9-9CCE-B9B08ED9904C}.Release|x64.Build.0 = Release|iPhoneSimulator
		{AA7C5880-A5D1-46E9-9CCE-B9B08ED9904C}.Release|x64.Deploy.0 = Release|iPhoneSimulator
		{AA7C5880-A5D1-46E9-9CCE-B9B08ED9904C}.Release|x86.ActiveCfg = Release|iPhoneSimulator
		{AA7C5880-A5D1-46E9-9CCE-B9B08ED9904C}.Release|x86.Build.0 = Release|iPhoneSimulator
		{AA7C5880-A5D1-46E9-9CCE-B9B08ED9904C}.Release|x86.Deploy.0 = Release|iPhoneSimulator
		{E0DCE423-A416-43FD-92E3-6C9FBF2772F7}.Debug|Any CPU.ActiveCfg = Debug|Any CPU
		{E0DCE423-A416-43FD-92E3-6C9FBF2772F7}.Debug|Any CPU.Build.0 = Debug|Any CPU
		{E0DCE423-A416-43FD-92E3-6C9FBF2772F7}.Debug|Any CPU.Deploy.0 = Debug|Any CPU
		{E0DCE423-A416-43FD-92E3-6C9FBF2772F7}.Debug|ARM.ActiveCfg = Debug|Any CPU
		{E0DCE423-A416-43FD-92E3-6C9FBF2772F7}.Debug|ARM.Build.0 = Debug|Any CPU
		{E0DCE423-A416-43FD-92E3-6C9FBF2772F7}.Debug|ARM.Deploy.0 = Debug|Any CPU
		{E0DCE423-A416-43FD-92E3-6C9FBF2772F7}.Debug|iPhone.ActiveCfg = Debug|Any CPU
		{E0DCE423-A416-43FD-92E3-6C9FBF2772F7}.Debug|iPhone.Build.0 = Debug|Any CPU
		{E0DCE423-A416-43FD-92E3-6C9FBF2772F7}.Debug|iPhone.Deploy.0 = Debug|Any CPU
		{E0DCE423-A416-43FD-92E3-6C9FBF2772F7}.Debug|iPhoneSimulator.ActiveCfg = Debug|Any CPU
		{E0DCE423-A416-43FD-92E3-6C9FBF2772F7}.Debug|iPhoneSimulator.Build.0 = Debug|Any CPU
		{E0DCE423-A416-43FD-92E3-6C9FBF2772F7}.Debug|iPhoneSimulator.Deploy.0 = Debug|Any CPU
		{E0DCE423-A416-43FD-92E3-6C9FBF2772F7}.Debug|x64.ActiveCfg = Debug|Any CPU
		{E0DCE423-A416-43FD-92E3-6C9FBF2772F7}.Debug|x64.Build.0 = Debug|Any CPU
		{E0DCE423-A416-43FD-92E3-6C9FBF2772F7}.Debug|x64.Deploy.0 = Debug|Any CPU
		{E0DCE423-A416-43FD-92E3-6C9FBF2772F7}.Debug|x86.ActiveCfg = Debug|Any CPU
		{E0DCE423-A416-43FD-92E3-6C9FBF2772F7}.Debug|x86.Build.0 = Debug|Any CPU
		{E0DCE423-A416-43FD-92E3-6C9FBF2772F7}.Debug|x86.Deploy.0 = Debug|Any CPU
		{E0DCE423-A416-43FD-92E3-6C9FBF2772F7}.Release|Any CPU.ActiveCfg = Release|Any CPU
		{E0DCE423-A416-43FD-92E3-6C9FBF2772F7}.Release|Any CPU.Build.0 = Release|Any CPU
		{E0DCE423-A416-43FD-92E3-6C9FBF2772F7}.Release|Any CPU.Deploy.0 = Release|Any CPU
		{E0DCE423-A416-43FD-92E3-6C9FBF2772F7}.Release|ARM.ActiveCfg = Release|Any CPU
		{E0DCE423-A416-43FD-92E3-6C9FBF2772F7}.Release|ARM.Build.0 = Release|Any CPU
		{E0DCE423-A416-43FD-92E3-6C9FBF2772F7}.Release|ARM.Deploy.0 = Release|Any CPU
		{E0DCE423-A416-43FD-92E3-6C9FBF2772F7}.Release|iPhone.ActiveCfg = Release|Any CPU
		{E0DCE423-A416-43FD-92E3-6C9FBF2772F7}.Release|iPhone.Build.0 = Release|Any CPU
		{E0DCE423-A416-43FD-92E3-6C9FBF2772F7}.Release|iPhone.Deploy.0 = Release|Any CPU
		{E0DCE423-A416-43FD-92E3-6C9FBF2772F7}.Release|iPhoneSimulator.ActiveCfg = Release|Any CPU
		{E0DCE423-A416-43FD-92E3-6C9FBF2772F7}.Release|iPhoneSimulator.Build.0 = Release|Any CPU
		{E0DCE423-A416-43FD-92E3-6C9FBF2772F7}.Release|iPhoneSimulator.Deploy.0 = Release|Any CPU
		{E0DCE423-A416-43FD-92E3-6C9FBF2772F7}.Release|x64.ActiveCfg = Release|Any CPU
		{E0DCE423-A416-43FD-92E3-6C9FBF2772F7}.Release|x64.Build.0 = Release|Any CPU
		{E0DCE423-A416-43FD-92E3-6C9FBF2772F7}.Release|x64.Deploy.0 = Release|Any CPU
		{E0DCE423-A416-43FD-92E3-6C9FBF2772F7}.Release|x86.ActiveCfg = Release|Any CPU
		{E0DCE423-A416-43FD-92E3-6C9FBF2772F7}.Release|x86.Build.0 = Release|Any CPU
		{E0DCE423-A416-43FD-92E3-6C9FBF2772F7}.Release|x86.Deploy.0 = Release|Any CPU
	EndGlobalSection
	GlobalSection(SolutionProperties) = preSolution
		HideSolutionNode = FALSE
	EndGlobalSection
	GlobalSection(ExtensibilityGlobals) = postSolution
		SolutionGuid = {D6E069A8-0326-429E-8D64-566943C427F4}
	EndGlobalSection
EndGlobal
